// !$*UTF8*$!
{
	archiveVersion = 1;
	classes = {
	};
	objectVersion = 48;
	objects = {

/* Begin PBXBuildFile section */
		B00B155D2022DFF8000F17C9 /* AppDelegate.swift in Sources */ = {isa = PBXBuildFile; fileRef = B00B155C2022DFF8000F17C9 /* AppDelegate.swift */; };
		B00B155F2022DFF8000F17C9 /* ViewController.swift in Sources */ = {isa = PBXBuildFile; fileRef = B00B155E2022DFF8000F17C9 /* ViewController.swift */; };
		B00B15622022DFF8000F17C9 /* Main.storyboard in Resources */ = {isa = PBXBuildFile; fileRef = B00B15602022DFF8000F17C9 /* Main.storyboard */; };
		B00B15642022DFF8000F17C9 /* Assets.xcassets in Resources */ = {isa = PBXBuildFile; fileRef = B00B15632022DFF8000F17C9 /* Assets.xcassets */; };
		B00B15672022DFF8000F17C9 /* LaunchScreen.storyboard in Resources */ = {isa = PBXBuildFile; fileRef = B00B15652022DFF8000F17C9 /* LaunchScreen.storyboard */; };
		B00B15932022E51E000F17C9 /* 1.png in Resources */ = {isa = PBXBuildFile; fileRef = B00B156F2022E51E000F17C9 /* 1.png */; };
		B00B15942022E51E000F17C9 /* 10.png in Resources */ = {isa = PBXBuildFile; fileRef = B00B15702022E51E000F17C9 /* 10.png */; };
		B00B15952022E51E000F17C9 /* 2.png in Resources */ = {isa = PBXBuildFile; fileRef = B00B15712022E51E000F17C9 /* 2.png */; };
		B00B15962022E51E000F17C9 /* 3.png in Resources */ = {isa = PBXBuildFile; fileRef = B00B15722022E51E000F17C9 /* 3.png */; };
		B00B15972022E51E000F17C9 /* 4.png in Resources */ = {isa = PBXBuildFile; fileRef = B00B15732022E51E000F17C9 /* 4.png */; };
		B00B15982022E51E000F17C9 /* 5.png in Resources */ = {isa = PBXBuildFile; fileRef = B00B15742022E51E000F17C9 /* 5.png */; };
		B00B15992022E51E000F17C9 /* 6.png in Resources */ = {isa = PBXBuildFile; fileRef = B00B15752022E51E000F17C9 /* 6.png */; };
		B00B159A2022E51E000F17C9 /* 7.png in Resources */ = {isa = PBXBuildFile; fileRef = B00B15762022E51E000F17C9 /* 7.png */; };
		B00B159B2022E51E000F17C9 /* 8.png in Resources */ = {isa = PBXBuildFile; fileRef = B00B15772022E51E000F17C9 /* 8.png */; };
		B00B159C2022E51E000F17C9 /* 9.png in Resources */ = {isa = PBXBuildFile; fileRef = B00B15782022E51E000F17C9 /* 9.png */; };
		B00B159D2022E51E000F17C9 /* a.png in Resources */ = {isa = PBXBuildFile; fileRef = B00B15792022E51E000F17C9 /* a.png */; };
		B00B159E2022E51E000F17C9 /* b.png in Resources */ = {isa = PBXBuildFile; fileRef = B00B157A2022E51E000F17C9 /* b.png */; };
		B00B159F2022E51E000F17C9 /* c.png in Resources */ = {isa = PBXBuildFile; fileRef = B00B157B2022E51E000F17C9 /* c.png */; };
		B00B15A02022E51E000F17C9 /* d.png in Resources */ = {isa = PBXBuildFile; fileRef = B00B157C2022E51E000F17C9 /* d.png */; };
		B00B15A12022E51E000F17C9 /* e.png in Resources */ = {isa = PBXBuildFile; fileRef = B00B157D2022E51E000F17C9 /* e.png */; };
		B00B15A22022E51E000F17C9 /* f.png in Resources */ = {isa = PBXBuildFile; fileRef = B00B157E2022E51E000F17C9 /* f.png */; };
		B00B15A32022E51E000F17C9 /* g.png in Resources */ = {isa = PBXBuildFile; fileRef = B00B157F2022E51E000F17C9 /* g.png */; };
		B00B15A42022E51E000F17C9 /* h.png in Resources */ = {isa = PBXBuildFile; fileRef = B00B15802022E51E000F17C9 /* h.png */; };
		B00B15A52022E51E000F17C9 /* i.png in Resources */ = {isa = PBXBuildFile; fileRef = B00B15812022E51E000F17C9 /* i.png */; };
		B00B15A62022E51E000F17C9 /* j.png in Resources */ = {isa = PBXBuildFile; fileRef = B00B15822022E51E000F17C9 /* j.png */; };
		B00B15A72022E51E000F17C9 /* k.png in Resources */ = {isa = PBXBuildFile; fileRef = B00B15832022E51E000F17C9 /* k.png */; };
		B00B15A82022E51E000F17C9 /* l.png in Resources */ = {isa = PBXBuildFile; fileRef = B00B15842022E51E000F17C9 /* l.png */; };
		B00B15A92022E51E000F17C9 /* m.png in Resources */ = {isa = PBXBuildFile; fileRef = B00B15852022E51E000F17C9 /* m.png */; };
		B00B15AA2022E51E000F17C9 /* n.png in Resources */ = {isa = PBXBuildFile; fileRef = B00B15862022E51E000F17C9 /* n.png */; };
		B00B15AB2022E51E000F17C9 /* o.png in Resources */ = {isa = PBXBuildFile; fileRef = B00B15872022E51E000F17C9 /* o.png */; };
		B00B15AC2022E51E000F17C9 /* p.png in Resources */ = {isa = PBXBuildFile; fileRef = B00B15882022E51E000F17C9 /* p.png */; };
		B00B15AD2022E51E000F17C9 /* q.png in Resources */ = {isa = PBXBuildFile; fileRef = B00B15892022E51E000F17C9 /* q.png */; };
		B00B15AE2022E51E000F17C9 /* r.png in Resources */ = {isa = PBXBuildFile; fileRef = B00B158A2022E51E000F17C9 /* r.png */; };
		B00B15AF2022E51E000F17C9 /* s.png in Resources */ = {isa = PBXBuildFile; fileRef = B00B158B2022E51E000F17C9 /* s.png */; };
		B00B15B02022E51E000F17C9 /* t.png in Resources */ = {isa = PBXBuildFile; fileRef = B00B158C2022E51E000F17C9 /* t.png */; };
		B00B15B12022E51E000F17C9 /* u.png in Resources */ = {isa = PBXBuildFile; fileRef = B00B158D2022E51E000F17C9 /* u.png */; };
		B00B15B22022E51E000F17C9 /* v.png in Resources */ = {isa = PBXBuildFile; fileRef = B00B158E2022E51E000F17C9 /* v.png */; };
		B00B15B32022E51E000F17C9 /* w.png in Resources */ = {isa = PBXBuildFile; fileRef = B00B158F2022E51E000F17C9 /* w.png */; };
		B00B15B42022E51E000F17C9 /* x.png in Resources */ = {isa = PBXBuildFile; fileRef = B00B15902022E51E000F17C9 /* x.png */; };
		B00B15B52022E51E000F17C9 /* y.png in Resources */ = {isa = PBXBuildFile; fileRef = B00B15912022E51E000F17C9 /* y.png */; };
		B00B15B62022E51E000F17C9 /* z.png in Resources */ = {isa = PBXBuildFile; fileRef = B00B15922022E51E000F17C9 /* z.png */; };
/* End PBXBuildFile section */

/* Begin PBXFileReference section */
		B00B15592022DFF8000F17C9 /* ASL Alphabet Game.app */ = {isa = PBXFileReference; explicitFileType = wrapper.application; includeInIndex = 0; path = "ASL Alphabet Game.app"; sourceTree = BUILT_PRODUCTS_DIR; };
		B00B155C2022DFF8000F17C9 /* AppDelegate.swift */ = {isa = PBXFileReference; lastKnownFileType = sourcecode.swift; path = AppDelegate.swift; sourceTree = "<group>"; };
		B00B155E2022DFF8000F17C9 /* ViewController.swift */ = {isa = PBXFileReference; lastKnownFileType = sourcecode.swift; path = ViewController.swift; sourceTree = "<group>"; };
		B00B15612022DFF8000F17C9 /* Base */ = {isa = PBXFileReference; lastKnownFileType = file.storyboard; name = Base; path = Base.lproj/Main.storyboard; sourceTree = "<group>"; };
		B00B15632022DFF8000F17C9 /* Assets.xcassets */ = {isa = PBXFileReference; lastKnownFileType = folder.assetcatalog; path = Assets.xcassets; sourceTree = "<group>"; };
		B00B15662022DFF8000F17C9 /* Base */ = {isa = PBXFileReference; lastKnownFileType = file.storyboard; name = Base; path = Base.lproj/LaunchScreen.storyboard; sourceTree = "<group>"; };
		B00B15682022DFF8000F17C9 /* Info.plist */ = {isa = PBXFileReference; lastKnownFileType = text.plist.xml; path = Info.plist; sourceTree = "<group>"; };
		B00B156F2022E51E000F17C9 /* 1.png */ = {isa = PBXFileReference; lastKnownFileType = image.png; path = 1.png; sourceTree = "<group>"; };
		B00B15702022E51E000F17C9 /* 10.png */ = {isa = PBXFileReference; lastKnownFileType = image.png; path = 10.png; sourceTree = "<group>"; };
		B00B15712022E51E000F17C9 /* 2.png */ = {isa = PBXFileReference; lastKnownFileType = image.png; path = 2.png; sourceTree = "<group>"; };
		B00B15722022E51E000F17C9 /* 3.png */ = {isa = PBXFileReference; lastKnownFileType = image.png; path = 3.png; sourceTree = "<group>"; };
		B00B15732022E51E000F17C9 /* 4.png */ = {isa = PBXFileReference; lastKnownFileType = image.png; path = 4.png; sourceTree = "<group>"; };
		B00B15742022E51E000F17C9 /* 5.png */ = {isa = PBXFileReference; lastKnownFileType = image.png; path = 5.png; sourceTree = "<group>"; };
		B00B15752022E51E000F17C9 /* 6.png */ = {isa = PBXFileReference; lastKnownFileType = image.png; path = 6.png; sourceTree = "<group>"; };
		B00B15762022E51E000F17C9 /* 7.png */ = {isa = PBXFileReference; lastKnownFileType = image.png; path = 7.png; sourceTree = "<group>"; };
		B00B15772022E51E000F17C9 /* 8.png */ = {isa = PBXFileReference; lastKnownFileType = image.png; path = 8.png; sourceTree = "<group>"; };
		B00B15782022E51E000F17C9 /* 9.png */ = {isa = PBXFileReference; lastKnownFileType = image.png; path = 9.png; sourceTree = "<group>"; };
		B00B15792022E51E000F17C9 /* a.png */ = {isa = PBXFileReference; lastKnownFileType = image.png; path = a.png; sourceTree = "<group>"; };
		B00B157A2022E51E000F17C9 /* b.png */ = {isa = PBXFileReference; lastKnownFileType = image.png; path = b.png; sourceTree = "<group>"; };
		B00B157B2022E51E000F17C9 /* c.png */ = {isa = PBXFileReference; lastKnownFileType = image.png; path = c.png; sourceTree = "<group>"; };
		B00B157C2022E51E000F17C9 /* d.png */ = {isa = PBXFileReference; lastKnownFileType = image.png; path = d.png; sourceTree = "<group>"; };
		B00B157D2022E51E000F17C9 /* e.png */ = {isa = PBXFileReference; lastKnownFileType = image.png; path = e.png; sourceTree = "<group>"; };
		B00B157E2022E51E000F17C9 /* f.png */ = {isa = PBXFileReference; lastKnownFileType = image.png; path = f.png; sourceTree = "<group>"; };
		B00B157F2022E51E000F17C9 /* g.png */ = {isa = PBXFileReference; lastKnownFileType = image.png; path = g.png; sourceTree = "<group>"; };
		B00B15802022E51E000F17C9 /* h.png */ = {isa = PBXFileReference; lastKnownFileType = image.png; path = h.png; sourceTree = "<group>"; };
		B00B15812022E51E000F17C9 /* i.png */ = {isa = PBXFileReference; lastKnownFileType = image.png; path = i.png; sourceTree = "<group>"; };
		B00B15822022E51E000F17C9 /* j.png */ = {isa = PBXFileReference; lastKnownFileType = image.png; path = j.png; sourceTree = "<group>"; };
		B00B15832022E51E000F17C9 /* k.png */ = {isa = PBXFileReference; lastKnownFileType = image.png; path = k.png; sourceTree = "<group>"; };
		B00B15842022E51E000F17C9 /* l.png */ = {isa = PBXFileReference; lastKnownFileType = image.png; path = l.png; sourceTree = "<group>"; };
		B00B15852022E51E000F17C9 /* m.png */ = {isa = PBXFileReference; lastKnownFileType = image.png; path = m.png; sourceTree = "<group>"; };
		B00B15862022E51E000F17C9 /* n.png */ = {isa = PBXFileReference; lastKnownFileType = image.png; path = n.png; sourceTree = "<group>"; };
		B00B15872022E51E000F17C9 /* o.png */ = {isa = PBXFileReference; lastKnownFileType = image.png; path = o.png; sourceTree = "<group>"; };
		B00B15882022E51E000F17C9 /* p.png */ = {isa = PBXFileReference; lastKnownFileType = image.png; path = p.png; sourceTree = "<group>"; };
		B00B15892022E51E000F17C9 /* q.png */ = {isa = PBXFileReference; lastKnownFileType = image.png; path = q.png; sourceTree = "<group>"; };
		B00B158A2022E51E000F17C9 /* r.png */ = {isa = PBXFileReference; lastKnownFileType = image.png; path = r.png; sourceTree = "<group>"; };
		B00B158B2022E51E000F17C9 /* s.png */ = {isa = PBXFileReference; lastKnownFileType = image.png; path = s.png; sourceTree = "<group>"; };
		B00B158C2022E51E000F17C9 /* t.png */ = {isa = PBXFileReference; lastKnownFileType = image.png; path = t.png; sourceTree = "<group>"; };
		B00B158D2022E51E000F17C9 /* u.png */ = {isa = PBXFileReference; lastKnownFileType = image.png; path = u.png; sourceTree = "<group>"; };
		B00B158E2022E51E000F17C9 /* v.png */ = {isa = PBXFileReference; lastKnownFileType = image.png; path = v.png; sourceTree = "<group>"; };
		B00B158F2022E51E000F17C9 /* w.png */ = {isa = PBXFileReference; lastKnownFileType = image.png; path = w.png; sourceTree = "<group>"; };
		B00B15902022E51E000F17C9 /* x.png */ = {isa = PBXFileReference; lastKnownFileType = image.png; path = x.png; sourceTree = "<group>"; };
		B00B15912022E51E000F17C9 /* y.png */ = {isa = PBXFileReference; lastKnownFileType = image.png; path = y.png; sourceTree = "<group>"; };
		B00B15922022E51E000F17C9 /* z.png */ = {isa = PBXFileReference; lastKnownFileType = image.png; path = z.png; sourceTree = "<group>"; };
/* End PBXFileReference section */

/* Begin PBXFrameworksBuildPhase section */
		B00B15562022DFF8000F17C9 /* Frameworks */ = {
			isa = PBXFrameworksBuildPhase;
			buildActionMask = 2147483647;
			files = (
			);
			runOnlyForDeploymentPostprocessing = 0;
		};
/* End PBXFrameworksBuildPhase section */

/* Begin PBXGroup section */
		B00B15502022DFF8000F17C9 = {
			isa = PBXGroup;
			children = (
				B00B156E2022E51E000F17C9 /* ASL */,
				B00B155B2022DFF8000F17C9 /* ASL Alphabet Game */,
				B00B155A2022DFF8000F17C9 /* Products */,
			);
			sourceTree = "<group>";
		};
		B00B155A2022DFF8000F17C9 /* Products */ = {
			isa = PBXGroup;
			children = (
				B00B15592022DFF8000F17C9 /* ASL Alphabet Game.app */,
			);
			name = Products;
			sourceTree = "<group>";
		};
		B00B155B2022DFF8000F17C9 /* ASL Alphabet Game */ = {
			isa = PBXGroup;
			children = (
				B00B155C2022DFF8000F17C9 /* AppDelegate.swift */,
				B00B155E2022DFF8000F17C9 /* ViewController.swift */,
				B00B15602022DFF8000F17C9 /* Main.storyboard */,
				B00B15632022DFF8000F17C9 /* Assets.xcassets */,
				B00B15652022DFF8000F17C9 /* LaunchScreen.storyboard */,
				B00B15682022DFF8000F17C9 /* Info.plist */,
			);
			path = "ASL Alphabet Game";
			sourceTree = "<group>";
		};
		B00B156E2022E51E000F17C9 /* ASL */ = {
			isa = PBXGroup;
			children = (
				B00B156F2022E51E000F17C9 /* 1.png */,
				B00B15702022E51E000F17C9 /* 10.png */,
				B00B15712022E51E000F17C9 /* 2.png */,
				B00B15722022E51E000F17C9 /* 3.png */,
				B00B15732022E51E000F17C9 /* 4.png */,
				B00B15742022E51E000F17C9 /* 5.png */,
				B00B15752022E51E000F17C9 /* 6.png */,
				B00B15762022E51E000F17C9 /* 7.png */,
				B00B15772022E51E000F17C9 /* 8.png */,
				B00B15782022E51E000F17C9 /* 9.png */,
				B00B15792022E51E000F17C9 /* a.png */,
				B00B157A2022E51E000F17C9 /* b.png */,
				B00B157B2022E51E000F17C9 /* c.png */,
				B00B157C2022E51E000F17C9 /* d.png */,
				B00B157D2022E51E000F17C9 /* e.png */,
				B00B157E2022E51E000F17C9 /* f.png */,
				B00B157F2022E51E000F17C9 /* g.png */,
				B00B15802022E51E000F17C9 /* h.png */,
				B00B15812022E51E000F17C9 /* i.png */,
				B00B15822022E51E000F17C9 /* j.png */,
				B00B15832022E51E000F17C9 /* k.png */,
				B00B15842022E51E000F17C9 /* l.png */,
				B00B15852022E51E000F17C9 /* m.png */,
				B00B15862022E51E000F17C9 /* n.png */,
				B00B15872022E51E000F17C9 /* o.png */,
				B00B15882022E51E000F17C9 /* p.png */,
				B00B15892022E51E000F17C9 /* q.png */,
				B00B158A2022E51E000F17C9 /* r.png */,
				B00B158B2022E51E000F17C9 /* s.png */,
				B00B158C2022E51E000F17C9 /* t.png */,
				B00B158D2022E51E000F17C9 /* u.png */,
				B00B158E2022E51E000F17C9 /* v.png */,
				B00B158F2022E51E000F17C9 /* w.png */,
				B00B15902022E51E000F17C9 /* x.png */,
				B00B15912022E51E000F17C9 /* y.png */,
				B00B15922022E51E000F17C9 /* z.png */,
			);
			name = ASL;
			path = "ASL Alphabet Game/ASL";
			sourceTree = "<group>";
		};
/* End PBXGroup section */

/* Begin PBXNativeTarget section */
		B00B15582022DFF8000F17C9 /* ASL Alphabet Game */ = {
			isa = PBXNativeTarget;
			buildConfigurationList = B00B156B2022DFF8000F17C9 /* Build configuration list for PBXNativeTarget "ASL Alphabet Game" */;
			buildPhases = (
				B00B15552022DFF8000F17C9 /* Sources */,
				B00B15562022DFF8000F17C9 /* Frameworks */,
				B00B15572022DFF8000F17C9 /* Resources */,
			);
			buildRules = (
			);
			dependencies = (
			);
			name = "ASL Alphabet Game";
			productName = "ASL Alphabet Game";
			productReference = B00B15592022DFF8000F17C9 /* ASL Alphabet Game.app */;
			productType = "com.apple.product-type.application";
		};
/* End PBXNativeTarget section */

/* Begin PBXProject section */
		B00B15512022DFF8000F17C9 /* Project object */ = {
			isa = PBXProject;
			attributes = {
				LastSwiftUpdateCheck = 0920;
				LastUpgradeCheck = 0920;
				ORGANIZATIONNAME = "Jamie Auza";
				TargetAttributes = {
					B00B15582022DFF8000F17C9 = {
						CreatedOnToolsVersion = 9.2;
						ProvisioningStyle = Automatic;
					};
				};
			};
			buildConfigurationList = B00B15542022DFF8000F17C9 /* Build configuration list for PBXProject "ASL Alphabet Game" */;
			compatibilityVersion = "Xcode 8.0";
			developmentRegion = en;
			hasScannedForEncodings = 0;
			knownRegions = (
				en,
				Base,
			);
			mainGroup = B00B15502022DFF8000F17C9;
			productRefGroup = B00B155A2022DFF8000F17C9 /* Products */;
			projectDirPath = "";
			projectRoot = "";
			targets = (
				B00B15582022DFF8000F17C9 /* ASL Alphabet Game */,
			);
		};
/* End PBXProject section */

/* Begin PBXResourcesBuildPhase section */
		B00B15572022DFF8000F17C9 /* Resources */ = {
			isa = PBXResourcesBuildPhase;
			buildActionMask = 2147483647;
			files = (
				B00B15B02022E51E000F17C9 /* t.png in Resources */,
				B00B15B12022E51E000F17C9 /* u.png in Resources */,
				B00B159B2022E51E000F17C9 /* 8.png in Resources */,
				B00B15A82022E51E000F17C9 /* l.png in Resources */,
				B00B15A02022E51E000F17C9 /* d.png in Resources */,
				B00B15AB2022E51E000F17C9 /* o.png in Resources */,
				B00B15B42022E51E000F17C9 /* x.png in Resources */,
				B00B159A2022E51E000F17C9 /* 7.png in Resources */,
				B00B15A72022E51E000F17C9 /* k.png in Resources */,
				B00B15A42022E51E000F17C9 /* h.png in Resources */,
				B00B15952022E51E000F17C9 /* 2.png in Resources */,
				B00B15A62022E51E000F17C9 /* j.png in Resources */,
				B00B15AC2022E51E000F17C9 /* p.png in Resources */,
				B00B159D2022E51E000F17C9 /* a.png in Resources */,
				B00B15AF2022E51E000F17C9 /* s.png in Resources */,
				B00B15942022E51E000F17C9 /* 10.png in Resources */,
				B00B15B32022E51E000F17C9 /* w.png in Resources */,
				B00B159C2022E51E000F17C9 /* 9.png in Resources */,
				B00B159E2022E51E000F17C9 /* b.png in Resources */,
				B00B15672022DFF8000F17C9 /* LaunchScreen.storyboard in Resources */,
				B00B15932022E51E000F17C9 /* 1.png in Resources */,
				B00B15A52022E51E000F17C9 /* i.png in Resources */,
				B00B15992022E51E000F17C9 /* 6.png in Resources */,
				B00B15A32022E51E000F17C9 /* g.png in Resources */,
				B00B15A92022E51E000F17C9 /* m.png in Resources */,
				B00B15972022E51E000F17C9 /* 4.png in Resources */,
				B00B15AD2022E51E000F17C9 /* q.png in Resources */,
				B00B159F2022E51E000F17C9 /* c.png in Resources */,
				B00B15642022DFF8000F17C9 /* Assets.xcassets in Resources */,
				B00B15A22022E51E000F17C9 /* f.png in Resources */,
				B00B15B62022E51E000F17C9 /* z.png in Resources */,
				B00B15982022E51E000F17C9 /* 5.png in Resources */,
				B00B15AE2022E51E000F17C9 /* r.png in Resources */,
				B00B15A12022E51E000F17C9 /* e.png in Resources */,
				B00B15B52022E51E000F17C9 /* y.png in Resources */,
				B00B15B22022E51E000F17C9 /* v.png in Resources */,
				B00B15AA2022E51E000F17C9 /* n.png in Resources */,
				B00B15962022E51E000F17C9 /* 3.png in Resources */,
				B00B15622022DFF8000F17C9 /* Main.storyboard in Resources */,
			);
			runOnlyForDeploymentPostprocessing = 0;
		};
/* End PBXResourcesBuildPhase section */

/* Begin PBXSourcesBuildPhase section */
		B00B15552022DFF8000F17C9 /* Sources */ = {
			isa = PBXSourcesBuildPhase;
			buildActionMask = 2147483647;
			files = (
				B00B155F2022DFF8000F17C9 /* ViewController.swift in Sources */,
				B00B155D2022DFF8000F17C9 /* AppDelegate.swift in Sources */,
			);
			runOnlyForDeploymentPostprocessing = 0;
		};
/* End PBXSourcesBuildPhase section */

/* Begin PBXVariantGroup section */
		B00B15602022DFF8000F17C9 /* Main.storyboard */ = {
			isa = PBXVariantGroup;
			children = (
				B00B15612022DFF8000F17C9 /* Base */,
			);
			name = Main.storyboard;
			sourceTree = "<group>";
		};
		B00B15652022DFF8000F17C9 /* LaunchScreen.storyboard */ = {
			isa = PBXVariantGroup;
			children = (
				B00B15662022DFF8000F17C9 /* Base */,
			);
			name = LaunchScreen.storyboard;
			sourceTree = "<group>";
		};
/* End PBXVariantGroup section */

/* Begin XCBuildConfiguration section */
		B00B15692022DFF8000F17C9 /* Debug */ = {
			isa = XCBuildConfiguration;
			buildSettings = {
				ALWAYS_SEARCH_USER_PATHS = NO;
				CLANG_ANALYZER_NONNULL = YES;
				CLANG_ANALYZER_NUMBER_OBJECT_CONVERSION = YES_AGGRESSIVE;
				CLANG_CXX_LANGUAGE_STANDARD = "gnu++14";
				CLANG_CXX_LIBRARY = "libc++";
				CLANG_ENABLE_MODULES = YES;
				CLANG_ENABLE_OBJC_ARC = YES;
				CLANG_WARN_BLOCK_CAPTURE_AUTORELEASING = YES;
				CLANG_WARN_BOOL_CONVERSION = YES;
				CLANG_WARN_COMMA = YES;
				CLANG_WARN_CONSTANT_CONVERSION = YES;
				CLANG_WARN_DIRECT_OBJC_ISA_USAGE = YES_ERROR;
				CLANG_WARN_DOCUMENTATION_COMMENTS = YES;
				CLANG_WARN_EMPTY_BODY = YES;
				CLANG_WARN_ENUM_CONVERSION = YES;
				CLANG_WARN_INFINITE_RECURSION = YES;
				CLANG_WARN_INT_CONVERSION = YES;
				CLANG_WARN_NON_LITERAL_NULL_CONVERSION = YES;
				CLANG_WARN_OBJC_LITERAL_CONVERSION = YES;
				CLANG_WARN_OBJC_ROOT_CLASS = YES_ERROR;
				CLANG_WARN_RANGE_LOOP_ANALYSIS = YES;
				CLANG_WARN_STRICT_PROTOTYPES = YES;
				CLANG_WARN_SUSPICIOUS_MOVE = YES;
				CLANG_WARN_UNGUARDED_AVAILABILITY = YES_AGGRESSIVE;
				CLANG_WARN_UNREACHABLE_CODE = YES;
				CLANG_WARN__DUPLICATE_METHOD_MATCH = YES;
				CODE_SIGN_IDENTITY = "iPhone Developer";
				COPY_PHASE_STRIP = NO;
				DEBUG_INFORMATION_FORMAT = dwarf;
				ENABLE_STRICT_OBJC_MSGSEND = YES;
				ENABLE_TESTABILITY = YES;
				GCC_C_LANGUAGE_STANDARD = gnu11;
				GCC_DYNAMIC_NO_PIC = NO;
				GCC_NO_COMMON_BLOCKS = YES;
				GCC_OPTIMIZATION_LEVEL = 0;
				GCC_PREPROCESSOR_DEFINITIONS = (
					"DEBUG=1",
					"$(inherited)",
				);
				GCC_WARN_64_TO_32_BIT_CONVERSION = YES;
				GCC_WARN_ABOUT_RETURN_TYPE = YES_ERROR;
				GCC_WARN_UNDECLARED_SELECTOR = YES;
				GCC_WARN_UNINITIALIZED_AUTOS = YES_AGGRESSIVE;
				GCC_WARN_UNUSED_FUNCTION = YES;
				GCC_WARN_UNUSED_VARIABLE = YES;
				IPHONEOS_DEPLOYMENT_TARGET = 11.2;
				MTL_ENABLE_DEBUG_INFO = YES;
				ONLY_ACTIVE_ARCH = YES;
				SDKROOT = iphoneos;
				SWIFT_ACTIVE_COMPILATION_CONDITIONS = DEBUG;
				SWIFT_OPTIMIZATION_LEVEL = "-Onone";
			};
			name = Debug;
		};
		B00B156A2022DFF8000F17C9 /* Release */ = {
			isa = XCBuildConfiguration;
			buildSettings = {
				ALWAYS_SEARCH_USER_PATHS = NO;
				CLANG_ANALYZER_NONNULL = YES;
				CLANG_ANALYZER_NUMBER_OBJECT_CONVERSION = YES_AGGRESSIVE;
				CLANG_CXX_LANGUAGE_STANDARD = "gnu++14";
				CLANG_CXX_LIBRARY = "libc++";
				CLANG_ENABLE_MODULES = YES;
				CLANG_ENABLE_OBJC_ARC = YES;
				CLANG_WARN_BLOCK_CAPTURE_AUTORELEASING = YES;
				CLANG_WARN_BOOL_CONVERSION = YES;
				CLANG_WARN_COMMA = YES;
				CLANG_WARN_CONSTANT_CONVERSION = YES;
				CLANG_WARN_DIRECT_OBJC_ISA_USAGE = YES_ERROR;
				CLANG_WARN_DOCUMENTATION_COMMENTS = YES;
				CLANG_WARN_EMPTY_BODY = YES;
				CLANG_WARN_ENUM_CONVERSION = YES;
				CLANG_WARN_INFINITE_RECURSION = YES;
				CLANG_WARN_INT_CONVERSION = YES;
				CLANG_WARN_NON_LITERAL_NULL_CONVERSION = YES;
				CLANG_WARN_OBJC_LITERAL_CONVERSION = YES;
				CLANG_WARN_OBJC_ROOT_CLASS = YES_ERROR;
				CLANG_WARN_RANGE_LOOP_ANALYSIS = YES;
				CLANG_WARN_STRICT_PROTOTYPES = YES;
				CLANG_WARN_SUSPICIOUS_MOVE = YES;
				CLANG_WARN_UNGUARDED_AVAILABILITY = YES_AGGRESSIVE;
				CLANG_WARN_UNREACHABLE_CODE = YES;
				CLANG_WARN__DUPLICATE_METHOD_MATCH = YES;
				CODE_SIGN_IDENTITY = "iPhone Developer";
				COPY_PHASE_STRIP = NO;
				DEBUG_INFORMATION_FORMAT = "dwarf-with-dsym";
				ENABLE_NS_ASSERTIONS = NO;
				ENABLE_STRICT_OBJC_MSGSEND = YES;
				GCC_C_LANGUAGE_STANDARD = gnu11;
				GCC_NO_COMMON_BLOCKS = YES;
				GCC_WARN_64_TO_32_BIT_CONVERSION = YES;
				GCC_WARN_ABOUT_RETURN_TYPE = YES_ERROR;
				GCC_WARN_UNDECLARED_SELECTOR = YES;
				GCC_WARN_UNINITIALIZED_AUTOS = YES_AGGRESSIVE;
				GCC_WARN_UNUSED_FUNCTION = YES;
				GCC_WARN_UNUSED_VARIABLE = YES;
				IPHONEOS_DEPLOYMENT_TARGET = 11.2;
				MTL_ENABLE_DEBUG_INFO = NO;
				SDKROOT = iphoneos;
				SWIFT_OPTIMIZATION_LEVEL = "-Owholemodule";
				VALIDATE_PRODUCT = YES;
			};
			name = Release;
		};
		B00B156C2022DFF8000F17C9 /* Debug */ = {
			isa = XCBuildConfiguration;
			buildSettings = {
				ASSETCATALOG_COMPILER_APPICON_NAME = AppIcon;
				CODE_SIGN_STYLE = Automatic;
				DEVELOPMENT_TEAM = RUBB8S5NDD;
				INFOPLIST_FILE = "ASL Alphabet Game/Info.plist";
				LD_RUNPATH_SEARCH_PATHS = "$(inherited) @executable_path/Frameworks";
				PRODUCT_BUNDLE_IDENTIFIER = "JamieA.ASL-Alphabet-Game";
				PRODUCT_NAME = "$(TARGET_NAME)";
				SWIFT_VERSION = 4.0;
				TARGETED_DEVICE_FAMILY = "1,2";
			};
			name = Debug;
		};
		B00B156D2022DFF8000F17C9 /* Release */ = {
			isa = XCBuildConfiguration;
			buildSettings = {
				ASSETCATALOG_COMPILER_APPICON_NAME = AppIcon;
				CODE_SIGN_STYLE = Automatic;
				DEVELOPMENT_TEAM = RUBB8S5NDD;
				INFOPLIST_FILE = "ASL Alphabet Game/Info.plist";
				LD_RUNPATH_SEARCH_PATHS = "$(inherited) @executable_path/Frameworks";
				PRODUCT_BUNDLE_IDENTIFIER = "JamieA.ASL-Alphabet-Game";
				PRODUCT_NAME = "$(TARGET_NAME)";
				SWIFT_VERSION = 4.0;
				TARGETED_DEVICE_FAMILY = "1,2";
			};
			name = Release;
		};
/* End XCBuildConfiguration section */

/* Begin XCConfigurationList section */
		B00B15542022DFF8000F17C9 /* Build configuration list for PBXProject "ASL Alphabet Game" */ = {
			isa = XCConfigurationList;
			buildConfigurations = (
				B00B15692022DFF8000F17C9 /* Debug */,
				B00B156A2022DFF8000F17C9 /* Release */,
			);
			defaultConfigurationIsVisible = 0;
			defaultConfigurationName = Release;
		};
		B00B156B2022DFF8000F17C9 /* Build configuration list for PBXNativeTarget "ASL Alphabet Game" */ = {
			isa = XCConfigurationList;
			buildConfigurations = (
				B00B156C2022DFF8000F17C9 /* Debug */,
				B00B156D2022DFF8000F17C9 /* Release */,
			);
			defaultConfigurationIsVisible = 0;
			defaultConfigurationName = Release;
		};
/* End XCConfigurationList section */
	};
	rootObject = B00B15512022DFF8000F17C9 /* Project object */;
}
